
Microsoft Visual Studio Solution File, Format Version 12.00
# Visual Studio Version 17
VisualStudioVersion = 17.0.31903.59
MinimumVisualStudioVersion = 10.0.40219.1
Project("{FAE04EC0-301F-11D3-BF4B-00C04F79EFBC}") = "Popup", "WpfApplication\Popup.csproj", "{CFF43A24-AAE1-4F94-81BF-B81387443509}"
EndProject
Project("{FAE04EC0-301F-11D3-BF4B-00C04F79EFBC}") = "ScrollViewer", "ScrollViewer\ScrollViewer.csproj", "{9DA4B290-3076-4C17-BCA1-7595E8CB79F6}"
EndProject
Project("{FAE04EC0-301F-11D3-BF4B-00C04F79EFBC}") = "videoItem", "videoItem\videoItem.csproj", "{6C7D0C0B-F695-4647-BE75-6E6573745D8D}"
EndProject
Project("{9A19103F-16F7-4668-BE54-9A1E7A4F7556}") = "LoadDemo", "LoadDemo\LoadDemo.csproj", "{C3FBD3B5-C3EE-4B44-BD92-6583F8674D62}"
EndProject
Project("{9A19103F-16F7-4668-BE54-9A1E7A4F7556}") = "TestApp", "TestApp\TestApp.csproj", "{295862BE-2298-46B7-96D0-B4F78D4F7923}"
EndProject
Project("{9A19103F-16F7-4668-BE54-9A1E7A4F7556}") = "Animation", "Animation\Animation.csproj", "{63EB949B-B313-4835-B6EE-AE58D55FBD72}"
EndProject
Project("{9A19103F-16F7-4668-BE54-9A1E7A4F7556}") = "ToolTip", "ToolTip\ToolTip.csproj", "{02E6ABA2-7CCF-471D-9D7B-E635960F5F48}"
EndProject
Project("{9A19103F-16F7-4668-BE54-9A1E7A4F7556}") = "dropAnimation", "dropAnimation\dropAnimation.csproj", "{625F93C3-8210-44E6-BB72-68108C18346B}"
EndProject
Project("{9A19103F-16F7-4668-BE54-9A1E7A4F7556}") = "Text", "Text\Text.csproj", "{B0F899D7-EBCB-4180-BD48-71A0B2EF859F}"
EndProject
Project("{9A19103F-16F7-4668-BE54-9A1E7A4F7556}") = "WindowChrome", "WindowChrome\WindowChrome.csproj", "{50A633F7-3628-44B0-BDBE-F2C90035ED83}"
EndProject
Project("{9A19103F-16F7-4668-BE54-9A1E7A4F7556}") = "LoadFileXaml", "LoadFileXaml\LoadFileXaml.csproj", "{44E53B18-248D-4B25-AA96-14FACF78958F}"
EndProject
Project("{9A19103F-16F7-4668-BE54-9A1E7A4F7556}") = "wpfctrl", "wpfctrl\wpfctrl.csproj", "{F8D5B95E-FC4A-4119-80C1-8D4A9132535F}"
EndProject
Project("{9A19103F-16F7-4668-BE54-9A1E7A4F7556}") = "WpfApp2", "WpfApp2\WpfApp2.csproj", "{C647F572-110B-428C-8EA4-5CE5C6CA4A75}"
EndProject
Project("{9A19103F-16F7-4668-BE54-9A1E7A4F7556}") = "WpfApp3", "WpfApp3\WpfApp3.csproj", "{CFE4CE19-E883-418A-B134-BBF0ACC40B76}"
EndProject
Project("{9A19103F-16F7-4668-BE54-9A1E7A4F7556}") = "WpfApp4", "WpfApp4\WpfApp4.csproj", "{7F6F7665-BE0D-4A67-A416-FE82C568CE67}"
EndProject
Project("{9A19103F-16F7-4668-BE54-9A1E7A4F7556}") = "WpfApp5", "WpfApp5\WpfApp5.csproj", "{6E5CD1CC-9FEC-4D95-9194-3FBCFAC27EA5}"
EndProject
Project("{9A19103F-16F7-4668-BE54-9A1E7A4F7556}") = "WpfPopupAni", "WpfPopupAni\WpfPopupAni.csproj", "{D9FEA473-AE2A-42CE-8F92-C89A344978D9}"
EndProject
Project("{9A19103F-16F7-4668-BE54-9A1E7A4F7556}") = "WpfAppTheme", "WpfAppTheme\WpfAppTheme.csproj", "{67E3A20F-8DDE-4170-A039-F216847AE74B}"
EndProject
Project("{9A19103F-16F7-4668-BE54-9A1E7A4F7556}") = "WpfApp6", "WpfApp6\WpfApp6.csproj", "{7843EF3A-495D-4E48-90CE-6361BE9C7C41}"
EndProject
Project("{9A19103F-16F7-4668-BE54-9A1E7A4F7556}") = "FileSystemWatcherTest", "FileSystemWatcherTest\FileSystemWatcherTest.csproj", "{767D729A-E464-464E-A2CF-1023834088F0}"
EndProject
Project("{9A19103F-16F7-4668-BE54-9A1E7A4F7556}") = "WpfAppParse", "WpfAppParse\WpfAppParse.csproj", "{A4616C56-7FA8-4F8C-BB12-5ADFB372955E}"
EndProject
Project("{9A19103F-16F7-4668-BE54-9A1E7A4F7556}") = "wpfttf", "wpfttf\wpfttf.csproj", "{CC4A7D8F-320A-4480-A566-FE6B6789450C}"
EndProject
Project("{9A19103F-16F7-4668-BE54-9A1E7A4F7556}") = "ConsoleApp", "ConsoleApp\ConsoleApp.csproj", "{2CC6AEF9-6117-42D0-A7A4-716A5C3B1A4F}"
EndProject
Project("{FAE04EC0-301F-11D3-BF4B-00C04F79EFBC}") = "NotificationDemoWPF", "NotificationDemoWPF\NotificationDemoWPF.csproj", "{DB7FDBD3-2A0C-46A9-A2EE-BE294729BA43}"
EndProject
Project("{9A19103F-16F7-4668-BE54-9A1E7A4F7556}") = "WpfTestApp", "WpfTestApp\WpfTestApp.csproj", "{4E941E06-788A-48FB-984C-4D0A34823DFB}"
EndProject
Project("{FAE04EC0-301F-11D3-BF4B-00C04F79EFBC}") = "WpfWebService", "WpfWebService\WpfWebService.csproj", "{DD025220-3220-4C7A-8126-A880065C618D}"
EndProject
Global
	GlobalSection(SolutionConfigurationPlatforms) = preSolution
		Debug|Any CPU = Debug|Any CPU
		Debug|x86 = Debug|x86
		Release|Any CPU = Release|Any CPU
		Release|x86 = Release|x86
	EndGlobalSection
	GlobalSection(ProjectConfigurationPlatforms) = postSolution
		{CFF43A24-AAE1-4F94-81BF-B81387443509}.Debug|Any CPU.ActiveCfg = Debug|Any CPU
		{CFF43A24-AAE1-4F94-81BF-B81387443509}.Debug|Any CPU.Build.0 = Debug|Any CPU
		{CFF43A24-AAE1-4F94-81BF-B81387443509}.Debug|x86.ActiveCfg = Debug|Any CPU
		{CFF43A24-AAE1-4F94-81BF-B81387443509}.Debug|x86.Build.0 = Debug|Any CPU
		{CFF43A24-AAE1-4F94-81BF-B81387443509}.Release|Any CPU.ActiveCfg = Release|Any CPU
		{CFF43A24-AAE1-4F94-81BF-B81387443509}.Release|Any CPU.Build.0 = Release|Any CPU
		{CFF43A24-AAE1-4F94-81BF-B81387443509}.Release|x86.ActiveCfg = Release|Any CPU
		{CFF43A24-AAE1-4F94-81BF-B81387443509}.Release|x86.Build.0 = Release|Any CPU
		{9DA4B290-3076-4C17-BCA1-7595E8CB79F6}.Debug|Any CPU.ActiveCfg = Debug|Any CPU
		{9DA4B290-3076-4C17-BCA1-7595E8CB79F6}.Debug|Any CPU.Build.0 = Debug|Any CPU
		{9DA4B290-3076-4C17-BCA1-7595E8CB79F6}.Debug|x86.ActiveCfg = Debug|Any CPU
		{9DA4B290-3076-4C17-BCA1-7595E8CB79F6}.Debug|x86.Build.0 = Debug|Any CPU
		{9DA4B290-3076-4C17-BCA1-7595E8CB79F6}.Release|Any CPU.ActiveCfg = Release|Any CPU
		{9DA4B290-3076-4C17-BCA1-7595E8CB79F6}.Release|Any CPU.Build.0 = Release|Any CPU
		{9DA4B290-3076-4C17-BCA1-7595E8CB79F6}.Release|x86.ActiveCfg = Release|Any CPU
		{9DA4B290-3076-4C17-BCA1-7595E8CB79F6}.Release|x86.Build.0 = Release|Any CPU
		{6C7D0C0B-F695-4647-BE75-6E6573745D8D}.Debug|Any CPU.ActiveCfg = Debug|Any CPU
		{6C7D0C0B-F695-4647-BE75-6E6573745D8D}.Debug|Any CPU.Build.0 = Debug|Any CPU
		{6C7D0C0B-F695-4647-BE75-6E6573745D8D}.Debug|x86.ActiveCfg = Debug|Any CPU
		{6C7D0C0B-F695-4647-BE75-6E6573745D8D}.Debug|x86.Build.0 = Debug|Any CPU
		{6C7D0C0B-F695-4647-BE75-6E6573745D8D}.Release|Any CPU.ActiveCfg = Release|Any CPU
		{6C7D0C0B-F695-4647-BE75-6E6573745D8D}.Release|Any CPU.Build.0 = Release|Any CPU
		{6C7D0C0B-F695-4647-BE75-6E6573745D8D}.Release|x86.ActiveCfg = Release|Any CPU
		{6C7D0C0B-F695-4647-BE75-6E6573745D8D}.Release|x86.Build.0 = Release|Any CPU
		{C3FBD3B5-C3EE-4B44-BD92-6583F8674D62}.Debug|Any CPU.ActiveCfg = Debug|Any CPU
		{C3FBD3B5-C3EE-4B44-BD92-6583F8674D62}.Debug|Any CPU.Build.0 = Debug|Any CPU
		{C3FBD3B5-C3EE-4B44-BD92-6583F8674D62}.Debug|x86.ActiveCfg = Debug|Any CPU
		{C3FBD3B5-C3EE-4B44-BD92-6583F8674D62}.Debug|x86.Build.0 = Debug|Any CPU
		{C3FBD3B5-C3EE-4B44-BD92-6583F8674D62}.Release|Any CPU.ActiveCfg = Release|Any CPU
		{C3FBD3B5-C3EE-4B44-BD92-6583F8674D62}.Release|Any CPU.Build.0 = Release|Any CPU
		{C3FBD3B5-C3EE-4B44-BD92-6583F8674D62}.Release|x86.ActiveCfg = Release|Any CPU
		{C3FBD3B5-C3EE-4B44-BD92-6583F8674D62}.Release|x86.Build.0 = Release|Any CPU
		{295862BE-2298-46B7-96D0-B4F78D4F7923}.Debug|Any CPU.ActiveCfg = Debug|Any CPU
		{295862BE-2298-46B7-96D0-B4F78D4F7923}.Debug|Any CPU.Build.0 = Debug|Any CPU
		{295862BE-2298-46B7-96D0-B4F78D4F7923}.Debug|x86.ActiveCfg = Debug|Any CPU
		{295862BE-2298-46B7-96D0-B4F78D4F7923}.Debug|x86.Build.0 = Debug|Any CPU
		{295862BE-2298-46B7-96D0-B4F78D4F7923}.Release|Any CPU.ActiveCfg = Release|Any CPU
		{295862BE-2298-46B7-96D0-B4F78D4F7923}.Release|Any CPU.Build.0 = Release|Any CPU
		{295862BE-2298-46B7-96D0-B4F78D4F7923}.Release|x86.ActiveCfg = Release|Any CPU
		{295862BE-2298-46B7-96D0-B4F78D4F7923}.Release|x86.Build.0 = Release|Any CPU
		{63EB949B-B313-4835-B6EE-AE58D55FBD72}.Debug|Any CPU.ActiveCfg = Debug|Any CPU
		{63EB949B-B313-4835-B6EE-AE58D55FBD72}.Debug|Any CPU.Build.0 = Debug|Any CPU
		{63EB949B-B313-4835-B6EE-AE58D55FBD72}.Debug|x86.ActiveCfg = Debug|Any CPU
		{63EB949B-B313-4835-B6EE-AE58D55FBD72}.Debug|x86.Build.0 = Debug|Any CPU
		{63EB949B-B313-4835-B6EE-AE58D55FBD72}.Release|Any CPU.ActiveCfg = Release|Any CPU
		{63EB949B-B313-4835-B6EE-AE58D55FBD72}.Release|Any CPU.Build.0 = Release|Any CPU
		{63EB949B-B313-4835-B6EE-AE58D55FBD72}.Release|x86.ActiveCfg = Release|Any CPU
		{63EB949B-B313-4835-B6EE-AE58D55FBD72}.Release|x86.Build.0 = Release|Any CPU
		{02E6ABA2-7CCF-471D-9D7B-E635960F5F48}.Debug|Any CPU.ActiveCfg = Debug|Any CPU
		{02E6ABA2-7CCF-471D-9D7B-E635960F5F48}.Debug|Any CPU.Build.0 = Debug|Any CPU
		{02E6ABA2-7CCF-471D-9D7B-E635960F5F48}.Debug|x86.ActiveCfg = Debug|Any CPU
		{02E6ABA2-7CCF-471D-9D7B-E635960F5F48}.Debug|x86.Build.0 = Debug|Any CPU
		{02E6ABA2-7CCF-471D-9D7B-E635960F5F48}.Release|Any CPU.ActiveCfg = Release|Any CPU
		{02E6ABA2-7CCF-471D-9D7B-E635960F5F48}.Release|Any CPU.Build.0 = Release|Any CPU
		{02E6ABA2-7CCF-471D-9D7B-E635960F5F48}.Release|x86.ActiveCfg = Release|Any CPU
		{02E6ABA2-7CCF-471D-9D7B-E635960F5F48}.Release|x86.Build.0 = Release|Any CPU
		{625F93C3-8210-44E6-BB72-68108C18346B}.Debug|Any CPU.ActiveCfg = Debug|Any CPU
		{625F93C3-8210-44E6-BB72-68108C18346B}.Debug|Any CPU.Build.0 = Debug|Any CPU
		{625F93C3-8210-44E6-BB72-68108C18346B}.Debug|x86.ActiveCfg = Debug|Any CPU
		{625F93C3-8210-44E6-BB72-68108C18346B}.Debug|x86.Build.0 = Debug|Any CPU
		{625F93C3-8210-44E6-BB72-68108C18346B}.Release|Any CPU.ActiveCfg = Release|Any CPU
		{625F93C3-8210-44E6-BB72-68108C18346B}.Release|Any CPU.Build.0 = Release|Any CPU
		{625F93C3-8210-44E6-BB72-68108C18346B}.Release|x86.ActiveCfg = Release|Any CPU
		{625F93C3-8210-44E6-BB72-68108C18346B}.Release|x86.Build.0 = Release|Any CPU
		{B0F899D7-EBCB-4180-BD48-71A0B2EF859F}.Debug|Any CPU.ActiveCfg = Debug|Any CPU
		{B0F899D7-EBCB-4180-BD48-71A0B2EF859F}.Debug|Any CPU.Build.0 = Debug|Any CPU
		{B0F899D7-EBCB-4180-BD48-71A0B2EF859F}.Debug|x86.ActiveCfg = Debug|Any CPU
		{B0F899D7-EBCB-4180-BD48-71A0B2EF859F}.Debug|x86.Build.0 = Debug|Any CPU
		{B0F899D7-EBCB-4180-BD48-71A0B2EF859F}.Release|Any CPU.ActiveCfg = Release|Any CPU
		{B0F899D7-EBCB-4180-BD48-71A0B2EF859F}.Release|Any CPU.Build.0 = Release|Any CPU
		{B0F899D7-EBCB-4180-BD48-71A0B2EF859F}.Release|x86.ActiveCfg = Release|Any CPU
		{B0F899D7-EBCB-4180-BD48-71A0B2EF859F}.Release|x86.Build.0 = Release|Any CPU
		{50A633F7-3628-44B0-BDBE-F2C90035ED83}.Debug|Any CPU.ActiveCfg = Debug|Any CPU
		{50A633F7-3628-44B0-BDBE-F2C90035ED83}.Debug|Any CPU.Build.0 = Debug|Any CPU
		{50A633F7-3628-44B0-BDBE-F2C90035ED83}.Debug|x86.ActiveCfg = Debug|Any CPU
		{50A633F7-3628-44B0-BDBE-F2C90035ED83}.Debug|x86.Build.0 = Debug|Any CPU
		{50A633F7-3628-44B0-BDBE-F2C90035ED83}.Release|Any CPU.ActiveCfg = Release|Any CPU
		{50A633F7-3628-44B0-BDBE-F2C90035ED83}.Release|Any CPU.Build.0 = Release|Any CPU
		{50A633F7-3628-44B0-BDBE-F2C90035ED83}.Release|x86.ActiveCfg = Release|Any CPU
		{50A633F7-3628-44B0-BDBE-F2C90035ED83}.Release|x86.Build.0 = Release|Any CPU
		{44E53B18-248D-4B25-AA96-14FACF78958F}.Debug|Any CPU.ActiveCfg = Debug|Any CPU
		{44E53B18-248D-4B25-AA96-14FACF78958F}.Debug|Any CPU.Build.0 = Debug|Any CPU
		{44E53B18-248D-4B25-AA96-14FACF78958F}.Debug|x86.ActiveCfg = Debug|Any CPU
		{44E53B18-248D-4B25-AA96-14FACF78958F}.Debug|x86.Build.0 = Debug|Any CPU
		{44E53B18-248D-4B25-AA96-14FACF78958F}.Release|Any CPU.ActiveCfg = Release|Any CPU
		{44E53B18-248D-4B25-AA96-14FACF78958F}.Release|Any CPU.Build.0 = Release|Any CPU
		{44E53B18-248D-4B25-AA96-14FACF78958F}.Release|x86.ActiveCfg = Release|Any CPU
		{44E53B18-248D-4B25-AA96-14FACF78958F}.Release|x86.Build.0 = Release|Any CPU
		{F8D5B95E-FC4A-4119-80C1-8D4A9132535F}.Debug|Any CPU.ActiveCfg = Debug|Any CPU
		{F8D5B95E-FC4A-4119-80C1-8D4A9132535F}.Debug|Any CPU.Build.0 = Debug|Any CPU
		{F8D5B95E-FC4A-4119-80C1-8D4A9132535F}.Debug|x86.ActiveCfg = Debug|Any CPU
		{F8D5B95E-FC4A-4119-80C1-8D4A9132535F}.Debug|x86.Build.0 = Debug|Any CPU
		{F8D5B95E-FC4A-4119-80C1-8D4A9132535F}.Release|Any CPU.ActiveCfg = Release|Any CPU
		{F8D5B95E-FC4A-4119-80C1-8D4A9132535F}.Release|Any CPU.Build.0 = Release|Any CPU
		{F8D5B95E-FC4A-4119-80C1-8D4A9132535F}.Release|x86.ActiveCfg = Release|Any CPU
		{F8D5B95E-FC4A-4119-80C1-8D4A9132535F}.Release|x86.Build.0 = Release|Any CPU
		{C647F572-110B-428C-8EA4-5CE5C6CA4A75}.Debug|Any CPU.ActiveCfg = Debug|Any CPU
		{C647F572-110B-428C-8EA4-5CE5C6CA4A75}.Debug|Any CPU.Build.0 = Debug|Any CPU
		{C647F572-110B-428C-8EA4-5CE5C6CA4A75}.Debug|x86.ActiveCfg = Debug|Any CPU
		{C647F572-110B-428C-8EA4-5CE5C6CA4A75}.Debug|x86.Build.0 = Debug|Any CPU
		{C647F572-110B-428C-8EA4-5CE5C6CA4A75}.Release|Any CPU.ActiveCfg = Release|Any CPU
		{C647F572-110B-428C-8EA4-5CE5C6CA4A75}.Release|Any CPU.Build.0 = Release|Any CPU
		{C647F572-110B-428C-8EA4-5CE5C6CA4A75}.Release|x86.ActiveCfg = Release|Any CPU
		{C647F572-110B-428C-8EA4-5CE5C6CA4A75}.Release|x86.Build.0 = Release|Any CPU
		{CFE4CE19-E883-418A-B134-BBF0ACC40B76}.Debug|Any CPU.ActiveCfg = Debug|Any CPU
		{CFE4CE19-E883-418A-B134-BBF0ACC40B76}.Debug|Any CPU.Build.0 = Debug|Any CPU
		{CFE4CE19-E883-418A-B134-BBF0ACC40B76}.Debug|x86.ActiveCfg = Debug|Any CPU
		{CFE4CE19-E883-418A-B134-BBF0ACC40B76}.Debug|x86.Build.0 = Debug|Any CPU
		{CFE4CE19-E883-418A-B134-BBF0ACC40B76}.Release|Any CPU.ActiveCfg = Release|Any CPU
		{CFE4CE19-E883-418A-B134-BBF0ACC40B76}.Release|Any CPU.Build.0 = Release|Any CPU
		{CFE4CE19-E883-418A-B134-BBF0ACC40B76}.Release|x86.ActiveCfg = Release|Any CPU
		{CFE4CE19-E883-418A-B134-BBF0ACC40B76}.Release|x86.Build.0 = Release|Any CPU
		{7F6F7665-BE0D-4A67-A416-FE82C568CE67}.Debug|Any CPU.ActiveCfg = Debug|Any CPU
		{7F6F7665-BE0D-4A67-A416-FE82C568CE67}.Debug|Any CPU.Build.0 = Debug|Any CPU
		{7F6F7665-BE0D-4A67-A416-FE82C568CE67}.Debug|x86.ActiveCfg = Debug|Any CPU
		{7F6F7665-BE0D-4A67-A416-FE82C568CE67}.Debug|x86.Build.0 = Debug|Any CPU
		{7F6F7665-BE0D-4A67-A416-FE82C568CE67}.Release|Any CPU.ActiveCfg = Release|Any CPU
		{7F6F7665-BE0D-4A67-A416-FE82C568CE67}.Release|Any CPU.Build.0 = Release|Any CPU
		{7F6F7665-BE0D-4A67-A416-FE82C568CE67}.Release|x86.ActiveCfg = Release|Any CPU
		{7F6F7665-BE0D-4A67-A416-FE82C568CE67}.Release|x86.Build.0 = Release|Any CPU
		{6E5CD1CC-9FEC-4D95-9194-3FBCFAC27EA5}.Debug|Any CPU.ActiveCfg = Debug|Any CPU
		{6E5CD1CC-9FEC-4D95-9194-3FBCFAC27EA5}.Debug|Any CPU.Build.0 = Debug|Any CPU
		{6E5CD1CC-9FEC-4D95-9194-3FBCFAC27EA5}.Debug|x86.ActiveCfg = Debug|Any CPU
		{6E5CD1CC-9FEC-4D95-9194-3FBCFAC27EA5}.Debug|x86.Build.0 = Debug|Any CPU
		{6E5CD1CC-9FEC-4D95-9194-3FBCFAC27EA5}.Release|Any CPU.ActiveCfg = Release|Any CPU
		{6E5CD1CC-9FEC-4D95-9194-3FBCFAC27EA5}.Release|Any CPU.Build.0 = Release|Any CPU
		{6E5CD1CC-9FEC-4D95-9194-3FBCFAC27EA5}.Release|x86.ActiveCfg = Release|Any CPU
		{6E5CD1CC-9FEC-4D95-9194-3FBCFAC27EA5}.Release|x86.Build.0 = Release|Any CPU
		{D9FEA473-AE2A-42CE-8F92-C89A344978D9}.Debug|Any CPU.ActiveCfg = Debug|Any CPU
		{D9FEA473-AE2A-42CE-8F92-C89A344978D9}.Debug|Any CPU.Build.0 = Debug|Any CPU
		{D9FEA473-AE2A-42CE-8F92-C89A344978D9}.Debug|x86.ActiveCfg = Debug|Any CPU
		{D9FEA473-AE2A-42CE-8F92-C89A344978D9}.Debug|x86.Build.0 = Debug|Any CPU
		{D9FEA473-AE2A-42CE-8F92-C89A344978D9}.Release|Any CPU.ActiveCfg = Release|Any CPU
		{D9FEA473-AE2A-42CE-8F92-C89A344978D9}.Release|Any CPU.Build.0 = Release|Any CPU
		{D9FEA473-AE2A-42CE-8F92-C89A344978D9}.Release|x86.ActiveCfg = Release|Any CPU
		{D9FEA473-AE2A-42CE-8F92-C89A344978D9}.Release|x86.Build.0 = Release|Any CPU
		{67E3A20F-8DDE-4170-A039-F216847AE74B}.Debug|Any CPU.ActiveCfg = Debug|Any CPU
		{67E3A20F-8DDE-4170-A039-F216847AE74B}.Debug|Any CPU.Build.0 = Debug|Any CPU
		{67E3A20F-8DDE-4170-A039-F216847AE74B}.Debug|x86.ActiveCfg = Debug|Any CPU
		{67E3A20F-8DDE-4170-A039-F216847AE74B}.Debug|x86.Build.0 = Debug|Any CPU
		{67E3A20F-8DDE-4170-A039-F216847AE74B}.Release|Any CPU.ActiveCfg = Release|Any CPU
		{67E3A20F-8DDE-4170-A039-F216847AE74B}.Release|Any CPU.Build.0 = Release|Any CPU
		{67E3A20F-8DDE-4170-A039-F216847AE74B}.Release|x86.ActiveCfg = Release|Any CPU
		{67E3A20F-8DDE-4170-A039-F216847AE74B}.Release|x86.Build.0 = Release|Any CPU
		{7843EF3A-495D-4E48-90CE-6361BE9C7C41}.Debug|Any CPU.ActiveCfg = Debug|Any CPU
		{7843EF3A-495D-4E48-90CE-6361BE9C7C41}.Debug|Any CPU.Build.0 = Debug|Any CPU
		{7843EF3A-495D-4E48-90CE-6361BE9C7C41}.Debug|x86.ActiveCfg = Debug|Any CPU
		{7843EF3A-495D-4E48-90CE-6361BE9C7C41}.Debug|x86.Build.0 = Debug|Any CPU
		{7843EF3A-495D-4E48-90CE-6361BE9C7C41}.Release|Any CPU.ActiveCfg = Release|Any CPU
		{7843EF3A-495D-4E48-90CE-6361BE9C7C41}.Release|Any CPU.Build.0 = Release|Any CPU
		{7843EF3A-495D-4E48-90CE-6361BE9C7C41}.Release|x86.ActiveCfg = Release|Any CPU
		{7843EF3A-495D-4E48-90CE-6361BE9C7C41}.Release|x86.Build.0 = Release|Any CPU
		{767D729A-E464-464E-A2CF-1023834088F0}.Debug|Any CPU.ActiveCfg = Debug|Any CPU
		{767D729A-E464-464E-A2CF-1023834088F0}.Debug|Any CPU.Build.0 = Debug|Any CPU
		{767D729A-E464-464E-A2CF-1023834088F0}.Debug|x86.ActiveCfg = Debug|Any CPU
		{767D729A-E464-464E-A2CF-1023834088F0}.Debug|x86.Build.0 = Debug|Any CPU
		{767D729A-E464-464E-A2CF-1023834088F0}.Release|Any CPU.ActiveCfg = Release|Any CPU
		{767D729A-E464-464E-A2CF-1023834088F0}.Release|Any CPU.Build.0 = Release|Any CPU
		{767D729A-E464-464E-A2CF-1023834088F0}.Release|x86.ActiveCfg = Release|Any CPU
		{767D729A-E464-464E-A2CF-1023834088F0}.Release|x86.Build.0 = Release|Any CPU
		{A4616C56-7FA8-4F8C-BB12-5ADFB372955E}.Debug|Any CPU.ActiveCfg = Debug|Any CPU
		{A4616C56-7FA8-4F8C-BB12-5ADFB372955E}.Debug|Any CPU.Build.0 = Debug|Any CPU
		{A4616C56-7FA8-4F8C-BB12-5ADFB372955E}.Debug|x86.ActiveCfg = Debug|Any CPU
		{A4616C56-7FA8-4F8C-BB12-5ADFB372955E}.Debug|x86.Build.0 = Debug|Any CPU
		{A4616C56-7FA8-4F8C-BB12-5ADFB372955E}.Release|Any CPU.ActiveCfg = Release|Any CPU
		{A4616C56-7FA8-4F8C-BB12-5ADFB372955E}.Release|Any CPU.Build.0 = Release|Any CPU
		{A4616C56-7FA8-4F8C-BB12-5ADFB372955E}.Release|x86.ActiveCfg = Release|Any CPU
		{A4616C56-7FA8-4F8C-BB12-5ADFB372955E}.Release|x86.Build.0 = Release|Any CPU
		{CC4A7D8F-320A-4480-A566-FE6B6789450C}.Debug|Any CPU.ActiveCfg = Debug|Any CPU
		{CC4A7D8F-320A-4480-A566-FE6B6789450C}.Debug|Any CPU.Build.0 = Debug|Any CPU
		{CC4A7D8F-320A-4480-A566-FE6B6789450C}.Debug|x86.ActiveCfg = Debug|Any CPU
		{CC4A7D8F-320A-4480-A566-FE6B6789450C}.Debug|x86.Build.0 = Debug|Any CPU
		{CC4A7D8F-320A-4480-A566-FE6B6789450C}.Release|Any CPU.ActiveCfg = Release|Any CPU
		{CC4A7D8F-320A-4480-A566-FE6B6789450C}.Release|Any CPU.Build.0 = Release|Any CPU
		{CC4A7D8F-320A-4480-A566-FE6B6789450C}.Release|x86.ActiveCfg = Release|Any CPU
		{CC4A7D8F-320A-4480-A566-FE6B6789450C}.Release|x86.Build.0 = Release|Any CPU
		{2CC6AEF9-6117-42D0-A7A4-716A5C3B1A4F}.Debug|Any CPU.ActiveCfg = Debug|Any CPU
		{2CC6AEF9-6117-42D0-A7A4-716A5C3B1A4F}.Debug|Any CPU.Build.0 = Debug|Any CPU
		{2CC6AEF9-6117-42D0-A7A4-716A5C3B1A4F}.Debug|x86.ActiveCfg = Debug|Any CPU
		{2CC6AEF9-6117-42D0-A7A4-716A5C3B1A4F}.Debug|x86.Build.0 = Debug|Any CPU
		{2CC6AEF9-6117-42D0-A7A4-716A5C3B1A4F}.Release|Any CPU.ActiveCfg = Release|Any CPU
		{2CC6AEF9-6117-42D0-A7A4-716A5C3B1A4F}.Release|Any CPU.Build.0 = Release|Any CPU
		{2CC6AEF9-6117-42D0-A7A4-716A5C3B1A4F}.Release|x86.ActiveCfg = Release|Any CPU
		{2CC6AEF9-6117-42D0-A7A4-716A5C3B1A4F}.Release|x86.Build.0 = Release|Any CPU
		{DB7FDBD3-2A0C-46A9-A2EE-BE294729BA43}.Debug|Any CPU.ActiveCfg = Debug|Any CPU
		{DB7FDBD3-2A0C-46A9-A2EE-BE294729BA43}.Debug|Any CPU.Build.0 = Debug|Any CPU
		{DB7FDBD3-2A0C-46A9-A2EE-BE294729BA43}.Debug|x86.ActiveCfg = Debug|Any CPU
		{DB7FDBD3-2A0C-46A9-A2EE-BE294729BA43}.Debug|x86.Build.0 = Debug|Any CPU
		{DB7FDBD3-2A0C-46A9-A2EE-BE294729BA43}.Release|Any CPU.ActiveCfg = Release|Any CPU
		{DB7FDBD3-2A0C-46A9-A2EE-BE294729BA43}.Release|Any CPU.Build.0 = Release|Any CPU
		{DB7FDBD3-2A0C-46A9-A2EE-BE294729BA43}.Release|x86.ActiveCfg = Release|Any CPU
		{DB7FDBD3-2A0C-46A9-A2EE-BE294729BA43}.Release|x86.Build.0 = Release|Any CPU
		{4E941E06-788A-48FB-984C-4D0A34823DFB}.Debug|Any CPU.ActiveCfg = Debug|Any CPU
		{4E941E06-788A-48FB-984C-4D0A34823DFB}.Debug|Any CPU.Build.0 = Debug|Any CPU
		{4E941E06-788A-48FB-984C-4D0A34823DFB}.Debug|x86.ActiveCfg = Debug|Any CPU
		{4E941E06-788A-48FB-984C-4D0A34823DFB}.Debug|x86.Build.0 = Debug|Any CPU
		{4E941E06-788A-48FB-984C-4D0A34823DFB}.Release|Any CPU.ActiveCfg = Release|Any CPU
		{4E941E06-788A-48FB-984C-4D0A34823DFB}.Release|Any CPU.Build.0 = Release|Any CPU
		{4E941E06-788A-48FB-984C-4D0A34823DFB}.Release|x86.ActiveCfg = Release|Any CPU
		{4E941E06-788A-48FB-984C-4D0A34823DFB}.Release|x86.Build.0 = Release|Any CPU
		{DD025220-3220-4C7A-8126-A880065C618D}.Debug|Any CPU.ActiveCfg = Debug|Any CPU
		{DD025220-3220-4C7A-8126-A880065C618D}.Debug|Any CPU.Build.0 = Debug|Any CPU
		{DD025220-3220-4C7A-8126-A880065C618D}.Debug|x86.ActiveCfg = Debug|Any CPU
		{DD025220-3220-4C7A-8126-A880065C618D}.Debug|x86.Build.0 = Debug|Any CPU
		{DD025220-3220-4C7A-8126-A880065C618D}.Release|Any CPU.ActiveCfg = Release|Any CPU
		{DD025220-3220-4C7A-8126-A880065C618D}.Release|Any CPU.Build.0 = Release|Any CPU
		{DD025220-3220-4C7A-8126-A880065C618D}.Release|x86.ActiveCfg = Release|Any CPU
		{DD025220-3220-4C7A-8126-A880065C618D}.Release|x86.Build.0 = Release|Any CPU
	EndGlobalSection
	GlobalSection(SolutionProperties) = preSolution
		HideSolutionNode = FALSE
	EndGlobalSection
	GlobalSection(ExtensibilityGlobals) = postSolution
		SolutionGuid = {94D193FB-344F-4677-B05A-6649C883506D}
	EndGlobalSection
EndGlobal
