
Microsoft Visual Studio Solution File, Format Version 12.00
# Visual Studio Version 17
VisualStudioVersion = 17.0.31903.59
MinimumVisualStudioVersion = 10.0.40219.1
Project("{FAE04EC0-301F-11D3-BF4B-00C04F79EFBC}") = "Popup", "WpfApplication\Popup.csproj", "{CFF43A24-AAE1-4F94-81BF-B81387443509}"
EndProject
Project("{FAE04EC0-301F-11D3-BF4B-00C04F79EFBC}") = "ScrollViewer", "ScrollViewer\ScrollViewer.csproj", "{9DA4B290-3076-4C17-BCA1-7595E8CB79F6}"
EndProject
Project("{FAE04EC0-301F-11D3-BF4B-00C04F79EFBC}") = "videoItem", "videoItem\videoItem.csproj", "{6C7D0C0B-F695-4647-BE75-6E6573745D8D}"
EndProject
Project("{9A19103F-16F7-4668-BE54-9A1E7A4F7556}") = "LoadDemo", "LoadDemo\LoadDemo.csproj", "{C3FBD3B5-C3EE-4B44-BD92-6583F8674D62}"
EndProject
Project("{9A19103F-16F7-4668-BE54-9A1E7A4F7556}") = "TestApp", "TestApp\TestApp.csproj", "{295862BE-2298-46B7-96D0-B4F78D4F7923}"
EndProject
Project("{9A19103F-16F7-4668-BE54-9A1E7A4F7556}") = "Animation", "Animation\Animation.csproj", "{63EB949B-B313-4835-B6EE-AE58D55FBD72}"
EndProject
Project("{9A19103F-16F7-4668-BE54-9A1E7A4F7556}") = "ToolTip", "ToolTip\ToolTip.csproj", "{02E6ABA2-7CCF-471D-9D7B-E635960F5F48}"
EndProject
Project("{9A19103F-16F7-4668-BE54-9A1E7A4F7556}") = "dropAnimation", "dropAnimation\dropAnimation.csproj", "{625F93C3-8210-44E6-BB72-68108C18346B}"
EndProject
Project("{9A19103F-16F7-4668-BE54-9A1E7A4F7556}") = "Text", "Text\Text.csproj", "{B0F899D7-EBCB-4180-BD48-71A0B2EF859F}"
EndProject
Project("{FAE04EC0-301F-11D3-BF4B-00C04F79EFBC}") = "WindowChrome", "WindowChrome\WindowChrome.csproj", "{50A633F7-3628-44B0-BDBE-F2C90035ED83}"
EndProject
Global
	GlobalSection(SolutionConfigurationPlatforms) = preSolution
		Debug|Any CPU = Debug|Any CPU
		Release|Any CPU = Release|Any CPU
	EndGlobalSection
	GlobalSection(ProjectConfigurationPlatforms) = postSolution
		{CFF43A24-AAE1-4F94-81BF-B81387443509}.Debug|Any CPU.ActiveCfg = Debug|Any CPU
		{CFF43A24-AAE1-4F94-81BF-B81387443509}.Debug|Any CPU.Build.0 = Debug|Any CPU
		{CFF43A24-AAE1-4F94-81BF-B81387443509}.Release|Any CPU.ActiveCfg = Release|Any CPU
		{CFF43A24-AAE1-4F94-81BF-B81387443509}.Release|Any CPU.Build.0 = Release|Any CPU
		{9DA4B290-3076-4C17-BCA1-7595E8CB79F6}.Debug|Any CPU.ActiveCfg = Debug|Any CPU
		{9DA4B290-3076-4C17-BCA1-7595E8CB79F6}.Debug|Any CPU.Build.0 = Debug|Any CPU
		{9DA4B290-3076-4C17-BCA1-7595E8CB79F6}.Release|Any CPU.ActiveCfg = Release|Any CPU
		{9DA4B290-3076-4C17-BCA1-7595E8CB79F6}.Release|Any CPU.Build.0 = Release|Any CPU
		{6C7D0C0B-F695-4647-BE75-6E6573745D8D}.Debug|Any CPU.ActiveCfg = Debug|Any CPU
		{6C7D0C0B-F695-4647-BE75-6E6573745D8D}.Debug|Any CPU.Build.0 = Debug|Any CPU
		{6C7D0C0B-F695-4647-BE75-6E6573745D8D}.Release|Any CPU.ActiveCfg = Release|Any CPU
		{6C7D0C0B-F695-4647-BE75-6E6573745D8D}.Release|Any CPU.Build.0 = Release|Any CPU
		{C3FBD3B5-C3EE-4B44-BD92-6583F8674D62}.Debug|Any CPU.ActiveCfg = Debug|Any CPU
		{C3FBD3B5-C3EE-4B44-BD92-6583F8674D62}.Debug|Any CPU.Build.0 = Debug|Any CPU
		{C3FBD3B5-C3EE-4B44-BD92-6583F8674D62}.Release|Any CPU.ActiveCfg = Release|Any CPU
		{C3FBD3B5-C3EE-4B44-BD92-6583F8674D62}.Release|Any CPU.Build.0 = Release|Any CPU
		{295862BE-2298-46B7-96D0-B4F78D4F7923}.Debug|Any CPU.ActiveCfg = Debug|Any CPU
		{295862BE-2298-46B7-96D0-B4F78D4F7923}.Debug|Any CPU.Build.0 = Debug|Any CPU
		{295862BE-2298-46B7-96D0-B4F78D4F7923}.Release|Any CPU.ActiveCfg = Release|Any CPU
		{295862BE-2298-46B7-96D0-B4F78D4F7923}.Release|Any CPU.Build.0 = Release|Any CPU
		{63EB949B-B313-4835-B6EE-AE58D55FBD72}.Debug|Any CPU.ActiveCfg = Debug|Any CPU
		{63EB949B-B313-4835-B6EE-AE58D55FBD72}.Debug|Any CPU.Build.0 = Debug|Any CPU
		{63EB949B-B313-4835-B6EE-AE58D55FBD72}.Release|Any CPU.ActiveCfg = Release|Any CPU
		{63EB949B-B313-4835-B6EE-AE58D55FBD72}.Release|Any CPU.Build.0 = Release|Any CPU
		{02E6ABA2-7CCF-471D-9D7B-E635960F5F48}.Debug|Any CPU.ActiveCfg = Debug|Any CPU
		{02E6ABA2-7CCF-471D-9D7B-E635960F5F48}.Debug|Any CPU.Build.0 = Debug|Any CPU
		{02E6ABA2-7CCF-471D-9D7B-E635960F5F48}.Release|Any CPU.ActiveCfg = Release|Any CPU
		{02E6ABA2-7CCF-471D-9D7B-E635960F5F48}.Release|Any CPU.Build.0 = Release|Any CPU
		{625F93C3-8210-44E6-BB72-68108C18346B}.Debug|Any CPU.ActiveCfg = Debug|Any CPU
		{625F93C3-8210-44E6-BB72-68108C18346B}.Debug|Any CPU.Build.0 = Debug|Any CPU
		{625F93C3-8210-44E6-BB72-68108C18346B}.Release|Any CPU.ActiveCfg = Release|Any CPU
		{625F93C3-8210-44E6-BB72-68108C18346B}.Release|Any CPU.Build.0 = Release|Any CPU
		{B0F899D7-EBCB-4180-BD48-71A0B2EF859F}.Debug|Any CPU.ActiveCfg = Debug|Any CPU
		{B0F899D7-EBCB-4180-BD48-71A0B2EF859F}.Debug|Any CPU.Build.0 = Debug|Any CPU
		{B0F899D7-EBCB-4180-BD48-71A0B2EF859F}.Release|Any CPU.ActiveCfg = Release|Any CPU
		{B0F899D7-EBCB-4180-BD48-71A0B2EF859F}.Release|Any CPU.Build.0 = Release|Any CPU
		{50A633F7-3628-44B0-BDBE-F2C90035ED83}.Debug|Any CPU.ActiveCfg = Debug|Any CPU
		{50A633F7-3628-44B0-BDBE-F2C90035ED83}.Debug|Any CPU.Build.0 = Debug|Any CPU
		{50A633F7-3628-44B0-BDBE-F2C90035ED83}.Release|Any CPU.ActiveCfg = Release|Any CPU
		{50A633F7-3628-44B0-BDBE-F2C90035ED83}.Release|Any CPU.Build.0 = Release|Any CPU
	EndGlobalSection
	GlobalSection(SolutionProperties) = preSolution
		HideSolutionNode = FALSE
	EndGlobalSection
	GlobalSection(ExtensibilityGlobals) = postSolution
		SolutionGuid = {94D193FB-344F-4677-B05A-6649C883506D}
	EndGlobalSection
EndGlobal
