
Microsoft Visual Studio Solution File, Format Version 12.00
# Visual Studio Version 17
VisualStudioVersion = 17.0.31912.275
MinimumVisualStudioVersion = 10.0.40219.1
Project("{9A19103F-16F7-4668-BE54-9A1E7A4F7556}") = "WpfApp9", "WpfApp9.csproj", "{E263BB9C-EB4C-4066-905D-BBA8CEE6E97C}"
EndProject
Global
	GlobalSection(SolutionConfigurationPlatforms) = preSolution
		Debug|Any CPU = Debug|Any CPU
		Release|Any CPU = Release|Any CPU
	EndGlobalSection
	GlobalSection(ProjectConfigurationPlatforms) = postSolution
		{E263BB9C-EB4C-4066-905D-BBA8CEE6E97C}.Debug|Any CPU.ActiveCfg = Debug|Any CPU
		{E263BB9C-EB4C-4066-905D-BBA8CEE6E97C}.Debug|Any CPU.Build.0 = Debug|Any CPU
		{E263BB9C-EB4C-4066-905D-BBA8CEE6E97C}.Release|Any CPU.ActiveCfg = Release|Any CPU
		{E263BB9C-EB4C-4066-905D-BBA8CEE6E97C}.Release|Any CPU.Build.0 = Release|Any CPU
	EndGlobalSection
	GlobalSection(SolutionProperties) = preSolution
		HideSolutionNode = FALSE
	EndGlobalSection
	GlobalSection(ExtensibilityGlobals) = postSolution
		SolutionGuid = {7FE5D1CC-F090-46B5-A917-EDB7ED3F51F8}
	EndGlobalSection
EndGlobal
