
Microsoft Visual Studio Solution File, Format Version 12.00
# Visual Studio Version 17
VisualStudioVersion = 17.2.32630.192
MinimumVisualStudioVersion = 10.0.40219.1
Project("{FAE04EC0-301F-11D3-BF4B-00C04F79EFBC}") = "WpfApp1", "WpfApp1\WpfApp1.csproj", "{AEE32887-B697-484A-8CE6-7F20D9C2326D}"
EndProject
Global
	GlobalSection(SolutionConfigurationPlatforms) = preSolution
		Debug|Any CPU = Debug|Any CPU
		Release|Any CPU = Release|Any CPU
	EndGlobalSection
	GlobalSection(ProjectConfigurationPlatforms) = postSolution
		{AEE32887-B697-484A-8CE6-7F20D9C2326D}.Debug|Any CPU.ActiveCfg = Debug|Any CPU
		{AEE32887-B697-484A-8CE6-7F20D9C2326D}.Debug|Any CPU.Build.0 = Debug|Any CPU
		{AEE32887-B697-484A-8CE6-7F20D9C2326D}.Release|Any CPU.ActiveCfg = Release|Any CPU
		{AEE32887-B697-484A-8CE6-7F20D9C2326D}.Release|Any CPU.Build.0 = Release|Any CPU
	EndGlobalSection
	GlobalSection(SolutionProperties) = preSolution
		HideSolutionNode = FALSE
	EndGlobalSection
	GlobalSection(ExtensibilityGlobals) = postSolution
		SolutionGuid = {0EA4DDF3-AF74-4227-87B1-49DA2335F7F7}
	EndGlobalSection
EndGlobal
