
Microsoft Visual Studio Solution File, Format Version 12.00
# Visual Studio Version 17
VisualStudioVersion = 17.0.31912.275
MinimumVisualStudioVersion = 10.0.40219.1
Project("{FAE04EC0-301F-11D3-BF4B-00C04F79EFBC}") = "EasingFunction", "EasingFunction\EasingFunction.csproj", "{8B7271F1-2A17-426E-B2EF-01B360D02C84}"
EndProject
Global
	GlobalSection(SolutionConfigurationPlatforms) = preSolution
		Debug|Any CPU = Debug|Any CPU
		Release|Any CPU = Release|Any CPU
	EndGlobalSection
	GlobalSection(ProjectConfigurationPlatforms) = postSolution
		{8B7271F1-2A17-426E-B2EF-01B360D02C84}.Debug|Any CPU.ActiveCfg = Debug|Any CPU
		{8B7271F1-2A17-426E-B2EF-01B360D02C84}.Debug|Any CPU.Build.0 = Debug|Any CPU
		{8B7271F1-2A17-426E-B2EF-01B360D02C84}.Release|Any CPU.ActiveCfg = Release|Any CPU
		{8B7271F1-2A17-426E-B2EF-01B360D02C84}.Release|Any CPU.Build.0 = Release|Any CPU
	EndGlobalSection
	GlobalSection(SolutionProperties) = preSolution
		HideSolutionNode = FALSE
	EndGlobalSection
	GlobalSection(ExtensibilityGlobals) = postSolution
		SolutionGuid = {192DDB18-358E-477E-842C-491C651D15AB}
	EndGlobalSection
EndGlobal
